// !$*UTF8*$!
{
	archiveVersion = 1;
	classes = {
	};
	objectVersion = 54;
	objects = {

/* Begin PBXBuildFile section */
		0C80B921A6F3F58F76C31292 /* libPods-AllstateTruckRepairs.a in Frameworks */ = {isa = PBXBuildFile; fileRef = 5DCACB8F33CDC322A6C60F78 /* libPods-AllstateTruckRepairs.a */; };
		13B07FBF1A68108700A75B9A /* Images.xcassets in Resources */ = {isa = PBXBuildFile; fileRef = 13B07FB51A68108700A75B9A /* Images.xcassets */; };
		761780ED2CA45674006654EE /* AppDelegate.swift in Sources */ = {isa = PBXBuildFile; fileRef = 761780EC2CA45674006654EE /* AppDelegate.swift */; };
		81AB9BB82411601600AC10FF /* LaunchScreen.storyboard in Resources */ = {isa = PBXBuildFile; fileRef = 81AB9BB72411601600AC10FF /* LaunchScreen.storyboard */; };
		E8C1556E9F5F4C188EE6D72E /* SFPRODISPLAYBLACKITALIC.ttf in Resources */ = {isa = PBXBuildFile; fileRef = 0A6BE97529DC4EDF96CD8B08 /* SFPRODISPLAYBLACKITALIC.ttf */; };
		3A39E395F2E64B3597824A0C /* SFPRODISPLAYBOLD.ttf in Resources */ = {isa = PBXBuildFile; fileRef = E90122D6ECF4477184914B9D /* SFPRODISPLAYBOLD.ttf */; };
		E88B4EA68A974696B5A69C54 /* SFPRODISPLAYHEAVYITALIC.ttf in Resources */ = {isa = PBXBuildFile; fileRef = 468CD4B875F74B899D100FF0 /* SFPRODISPLAYHEAVYITALIC.ttf */; };
		C803509BFA864CBC91E50DFC /* SFPRODISPLAYLIGHTITALIC.ttf in Resources */ = {isa = PBXBuildFile; fileRef = 5C1D81055C514CD2ABF6E722 /* SFPRODISPLAYLIGHTITALIC.ttf */; };
		630D6D9F87E54696816BE923 /* SFPRODISPLAYREGULAR.ttf in Resources */ = {isa = PBXBuildFile; fileRef = FF07FB3C05B647AB9FC98F02 /* SFPRODISPLAYREGULAR.ttf */; };
		379451E199864154A3B72233 /* SFPRODISPLAYSEMIBOLDITALIC.ttf in Resources */ = {isa = PBXBuildFile; fileRef = 74167AB91BAC49AFA3F7FB11 /* SFPRODISPLAYSEMIBOLDITALIC.ttf */; };
		3E759FE1DB7E428CADB06D69 /* SFPRODISPLAYTHINITALIC.ttf in Resources */ = {isa = PBXBuildFile; fileRef = D174532E14C1439AB26A2497 /* SFPRODISPLAYTHINITALIC.ttf */; };
		F68A5913A4D749DF8114ED0F /* SFPRODISPLAYULTRALIGHTITALIC.ttf in Resources */ = {isa = PBXBuildFile; fileRef = C8FEB1D8492C48AEBDE5A690 /* SFPRODISPLAYULTRALIGHTITALIC.ttf */; };
		C3BE2108A31B48938DB46C38 /* AntDesign.ttf in Resources */ = {isa = PBXBuildFile; fileRef = 4D8AC26B7EE4459E81B2FBAB /* AntDesign.ttf */; };
		DA9F3208B42E421193823634 /* Entypo.ttf in Resources */ = {isa = PBXBuildFile; fileRef = A009F4F67F8F427BB7449374 /* Entypo.ttf */; };
		2B75EDBB59D44096B82A2F9D /* EvilIcons.ttf in Resources */ = {isa = PBXBuildFile; fileRef = 8952776571EB4839910990B8 /* EvilIcons.ttf */; };
		6C3BEBDE917E4F889EE93E56 /* Feather.ttf in Resources */ = {isa = PBXBuildFile; fileRef = C40431BA5C674714A821CEFF /* Feather.ttf */; };
		04281F14340C43809717F801 /* FontAwesome.ttf in Resources */ = {isa = PBXBuildFile; fileRef = 25553FB314144024910C6C67 /* FontAwesome.ttf */; };
		7AA695654AE84A579496191F /* FontAwesome5_Brands.ttf in Resources */ = {isa = PBXBuildFile; fileRef = 8944ED7DFF76405CAE0CC6ED /* FontAwesome5_Brands.ttf */; };
		DA15315FAB7C4FB699A75E96 /* FontAwesome5_Regular.ttf in Resources */ = {isa = PBXBuildFile; fileRef = 392186D17A7544A781BACECF /* FontAwesome5_Regular.ttf */; };
		C17EC4AEAB1F4E9FBE85461E /* FontAwesome5_Solid.ttf in Resources */ = {isa = PBXBuildFile; fileRef = 9075D471E1B6491FA8F52B30 /* FontAwesome5_Solid.ttf */; };
		3637330AF36E4A51ACAA99A2 /* FontAwesome6_Brands.ttf in Resources */ = {isa = PBXBuildFile; fileRef = 91548A1BA7C74708907C1723 /* FontAwesome6_Brands.ttf */; };
		A96926A5DFA64139A3AC5307 /* FontAwesome6_Regular.ttf in Resources */ = {isa = PBXBuildFile; fileRef = 7B40A683361C4E1C83C6E7ED /* FontAwesome6_Regular.ttf */; };
		390F900DF32441E38FED1CD7 /* FontAwesome6_Solid.ttf in Resources */ = {isa = PBXBuildFile; fileRef = 6068504323F94199A4E5E5E6 /* FontAwesome6_Solid.ttf */; };
		84BF5CA844E9488A8CCB1B44 /* Fontisto.ttf in Resources */ = {isa = PBXBuildFile; fileRef = 75A949C0A1E041F5B2092FE2 /* Fontisto.ttf */; };
		36BBFAF007744E469D8AC48F /* Foundation.ttf in Resources */ = {isa = PBXBuildFile; fileRef = 2D3A6A4458F841C4A2AA14A4 /* Foundation.ttf */; };
		082D04B2A6AD409786D7A17E /* Ionicons.ttf in Resources */ = {isa = PBXBuildFile; fileRef = A1ADA7F529AB4914AF25CC11 /* Ionicons.ttf */; };
		51C196FDDA874E05A0BBAFA3 /* MaterialCommunityIcons.ttf in Resources */ = {isa = PBXBuildFile; fileRef = 7717CFF406024493920402D6 /* MaterialCommunityIcons.ttf */; };
		775F718FF69248089A908069 /* MaterialIcons.ttf in Resources */ = {isa = PBXBuildFile; fileRef = A69FDB5E10DD4689827696AC /* MaterialIcons.ttf */; };
		589BB8D055574E4DA75A5112 /* Octicons.ttf in Resources */ = {isa = PBXBuildFile; fileRef = 50D12741F48746A4A4789861 /* Octicons.ttf */; };
		04159991169349F5802F62AB /* SimpleLineIcons.ttf in Resources */ = {isa = PBXBuildFile; fileRef = D7C9AF33620E451CB563870B /* SimpleLineIcons.ttf */; };
		8F60485A652D4B0BAB9A07A7 /* Zocial.ttf in Resources */ = {isa = PBXBuildFile; fileRef = 45546E9E0B2D4B178BB9A798 /* Zocial.ttf */; };
		8ECEF6C2711543B1852FB9EC /* sf-pro-display-medium.ttf in Resources */ = {isa = PBXBuildFile; fileRef = 8A91E096FF4F4631999AC63C /* sf-pro-display-medium.ttf */; };
		8BFC4F4FAE864C448E0FDD4D /* SFProDisplay-Medium.ttf in Resources */ = {isa = PBXBuildFile; fileRef = 1C000A74C5F047E3AF5E5A2C /* SFProDisplay-Medium.ttf */; };
		10209E10D5F24CD0BE5CA34B /* SFPRODISPLAYMEDIUM.OTF in Resources */ = {isa = PBXBuildFile; fileRef = 76024A107D8A4091AA422536 /* SFPRODISPLAYMEDIUM.OTF */; };
		C79C508AA6DA405D997F8CA9 /* SFPRODISPLAYREGULAR.OTF in Resources */ = {isa = PBXBuildFile; fileRef = 6E0B124E4FDE47128E52F4F2 /* SFPRODISPLAYREGULAR.OTF */; };
/* End PBXBuildFile section */

/* Begin PBXContainerItemProxy section */
		00E356F41AD99517003FC87E /* PBXContainerItemProxy */ = {
			isa = PBXContainerItemProxy;
			containerPortal = 83CBB9F71A601CBA00E9B192 /* Project object */;
			proxyType = 1;
			remoteGlobalIDString = 13B07F861A680F5B00A75B9A;
			remoteInfo = AllstateTruckRepairs;
		};
/* End PBXContainerItemProxy section */

/* Begin PBXFileReference section */
		00E356F11AD99517003FC87E /* Info.plist */ = {isa = PBXFileReference; lastKnownFileType = text.plist.xml; path = Info.plist; sourceTree = "<group>"; };
		13B07F961A680F5B00A75B9A /* AllstateTruckRepairs.app */ = {isa = PBXFileReference; explicitFileType = wrapper.application; includeInIndex = 0; path = AllstateTruckRepairs.app; sourceTree = BUILT_PRODUCTS_DIR; };
		13B07FB51A68108700A75B9A /* Images.xcassets */ = {isa = PBXFileReference; lastKnownFileType = folder.assetcatalog; name = Images.xcassets; path = AllstateTruckRepairs/Images.xcassets; sourceTree = "<group>"; };
		13B07FB61A68108700A75B9A /* Info.plist */ = {isa = PBXFileReference; fileEncoding = 4; lastKnownFileType = text.plist.xml; name = Info.plist; path = AllstateTruckRepairs/Info.plist; sourceTree = "<group>"; };
		13B07FB81A68108700A75B9A /* PrivacyInfo.xcprivacy */ = {isa = PBXFileReference; fileEncoding = 4; lastKnownFileType = text.plist.xml; name = PrivacyInfo.xcprivacy; path = AllstateTruckRepairs/PrivacyInfo.xcprivacy; sourceTree = "<group>"; };
		3B4392A12AC88292D35C810B /* Pods-AllstateTruckRepairs.debug.xcconfig */ = {isa = PBXFileReference; includeInIndex = 1; lastKnownFileType = text.xcconfig; name = "Pods-AllstateTruckRepairs.debug.xcconfig"; path = "Target Support Files/Pods-AllstateTruckRepairs/Pods-AllstateTruckRepairs.debug.xcconfig"; sourceTree = "<group>"; };
		5709B34CF0A7D63546082F79 /* Pods-AllstateTruckRepairs.release.xcconfig */ = {isa = PBXFileReference; includeInIndex = 1; lastKnownFileType = text.xcconfig; name = "Pods-AllstateTruckRepairs.release.xcconfig"; path = "Target Support Files/Pods-AllstateTruckRepairs/Pods-AllstateTruckRepairs.release.xcconfig"; sourceTree = "<group>"; };
		5DCACB8F33CDC322A6C60F78 /* libPods-AllstateTruckRepairs.a */ = {isa = PBXFileReference; explicitFileType = archive.ar; includeInIndex = 0; path = "libPods-AllstateTruckRepairs.a"; sourceTree = BUILT_PRODUCTS_DIR; };
		761780EC2CA45674006654EE /* AppDelegate.swift */ = {isa = PBXFileReference; lastKnownFileType = sourcecode.swift; name = AppDelegate.swift; path = AllstateTruckRepairs/AppDelegate.swift; sourceTree = "<group>"; };
		81AB9BB72411601600AC10FF /* LaunchScreen.storyboard */ = {isa = PBXFileReference; fileEncoding = 4; lastKnownFileType = file.storyboard; name = LaunchScreen.storyboard; path = AllstateTruckRepairs/LaunchScreen.storyboard; sourceTree = "<group>"; };
		ED297162215061F000B7C4FE /* JavaScriptCore.framework */ = {isa = PBXFileReference; lastKnownFileType = wrapper.framework; name = JavaScriptCore.framework; path = System/Library/Frameworks/JavaScriptCore.framework; sourceTree = SDKROOT; };
		0A6BE97529DC4EDF96CD8B08 /* SFPRODISPLAYBLACKITALIC.ttf */ = {isa = PBXFileReference; name = "SFPRODISPLAYBLACKITALIC.ttf"; path = "../src/assets/fonts/SFPRODISPLAYBLACKITALIC.ttf"; sourceTree = "<group>"; fileEncoding = undefined; lastKnownFileType = unknown; explicitFileType = undefined; includeInIndex = 0; };
		E90122D6ECF4477184914B9D /* SFPRODISPLAYBOLD.ttf */ = {isa = PBXFileReference; name = "SFPRODISPLAYBOLD.ttf"; path = "../src/assets/fonts/SFPRODISPLAYBOLD.ttf"; sourceTree = "<group>"; fileEncoding = undefined; lastKnownFileType = unknown; explicitFileType = undefined; includeInIndex = 0; };
		468CD4B875F74B899D100FF0 /* SFPRODISPLAYHEAVYITALIC.ttf */ = {isa = PBXFileReference; name = "SFPRODISPLAYHEAVYITALIC.ttf"; path = "../src/assets/fonts/SFPRODISPLAYHEAVYITALIC.ttf"; sourceTree = "<group>"; fileEncoding = undefined; lastKnownFileType = unknown; explicitFileType = undefined; includeInIndex = 0; };
		5C1D81055C514CD2ABF6E722 /* SFPRODISPLAYLIGHTITALIC.ttf */ = {isa = PBXFileReference; name = "SFPRODISPLAYLIGHTITALIC.ttf"; path = "../src/assets/fonts/SFPRODISPLAYLIGHTITALIC.ttf"; sourceTree = "<group>"; fileEncoding = undefined; lastKnownFileType = unknown; explicitFileType = undefined; includeInIndex = 0; };
		FF07FB3C05B647AB9FC98F02 /* SFPRODISPLAYREGULAR.ttf */ = {isa = PBXFileReference; name = "SFPRODISPLAYREGULAR.ttf"; path = "../src/assets/fonts/SFPRODISPLAYREGULAR.ttf"; sourceTree = "<group>"; fileEncoding = undefined; lastKnownFileType = unknown; explicitFileType = undefined; includeInIndex = 0; };
		74167AB91BAC49AFA3F7FB11 /* SFPRODISPLAYSEMIBOLDITALIC.ttf */ = {isa = PBXFileReference; name = "SFPRODISPLAYSEMIBOLDITALIC.ttf"; path = "../src/assets/fonts/SFPRODISPLAYSEMIBOLDITALIC.ttf"; sourceTree = "<group>"; fileEncoding = undefined; lastKnownFileType = unknown; explicitFileType = undefined; includeInIndex = 0; };
		D174532E14C1439AB26A2497 /* SFPRODISPLAYTHINITALIC.ttf */ = {isa = PBXFileReference; name = "SFPRODISPLAYTHINITALIC.ttf"; path = "../src/assets/fonts/SFPRODISPLAYTHINITALIC.ttf"; sourceTree = "<group>"; fileEncoding = undefined; lastKnownFileType = unknown; explicitFileType = undefined; includeInIndex = 0; };
		C8FEB1D8492C48AEBDE5A690 /* SFPRODISPLAYULTRALIGHTITALIC.ttf */ = {isa = PBXFileReference; name = "SFPRODISPLAYULTRALIGHTITALIC.ttf"; path = "../src/assets/fonts/SFPRODISPLAYULTRALIGHTITALIC.ttf"; sourceTree = "<group>"; fileEncoding = undefined; lastKnownFileType = unknown; explicitFileType = undefined; includeInIndex = 0; };
		4D8AC26B7EE4459E81B2FBAB /* AntDesign.ttf */ = {isa = PBXFileReference; name = "AntDesign.ttf"; path = "../node_modules/react-native-vector-icons/Fonts/AntDesign.ttf"; sourceTree = "<group>"; fileEncoding = undefined; lastKnownFileType = unknown; explicitFileType = undefined; includeInIndex = 0; };
		A009F4F67F8F427BB7449374 /* Entypo.ttf */ = {isa = PBXFileReference; name = "Entypo.ttf"; path = "../node_modules/react-native-vector-icons/Fonts/Entypo.ttf"; sourceTree = "<group>"; fileEncoding = undefined; lastKnownFileType = unknown; explicitFileType = undefined; includeInIndex = 0; };
		8952776571EB4839910990B8 /* EvilIcons.ttf */ = {isa = PBXFileReference; name = "EvilIcons.ttf"; path = "../node_modules/react-native-vector-icons/Fonts/EvilIcons.ttf"; sourceTree = "<group>"; fileEncoding = undefined; lastKnownFileType = unknown; explicitFileType = undefined; includeInIndex = 0; };
		C40431BA5C674714A821CEFF /* Feather.ttf */ = {isa = PBXFileReference; name = "Feather.ttf"; path = "../node_modules/react-native-vector-icons/Fonts/Feather.ttf"; sourceTree = "<group>"; fileEncoding = undefined; lastKnownFileType = unknown; explicitFileType = undefined; includeInIndex = 0; };
		25553FB314144024910C6C67 /* FontAwesome.ttf */ = {isa = PBXFileReference; name = "FontAwesome.ttf"; path = "../node_modules/react-native-vector-icons/Fonts/FontAwesome.ttf"; sourceTree = "<group>"; fileEncoding = undefined; lastKnownFileType = unknown; explicitFileType = undefined; includeInIndex = 0; };
		8944ED7DFF76405CAE0CC6ED /* FontAwesome5_Brands.ttf */ = {isa = PBXFileReference; name = "FontAwesome5_Brands.ttf"; path = "../node_modules/react-native-vector-icons/Fonts/FontAwesome5_Brands.ttf"; sourceTree = "<group>"; fileEncoding = undefined; lastKnownFileType = unknown; explicitFileType = undefined; includeInIndex = 0; };
		392186D17A7544A781BACECF /* FontAwesome5_Regular.ttf */ = {isa = PBXFileReference; name = "FontAwesome5_Regular.ttf"; path = "../node_modules/react-native-vector-icons/Fonts/FontAwesome5_Regular.ttf"; sourceTree = "<group>"; fileEncoding = undefined; lastKnownFileType = unknown; explicitFileType = undefined; includeInIndex = 0; };
		9075D471E1B6491FA8F52B30 /* FontAwesome5_Solid.ttf */ = {isa = PBXFileReference; name = "FontAwesome5_Solid.ttf"; path = "../node_modules/react-native-vector-icons/Fonts/FontAwesome5_Solid.ttf"; sourceTree = "<group>"; fileEncoding = undefined; lastKnownFileType = unknown; explicitFileType = undefined; includeInIndex = 0; };
		91548A1BA7C74708907C1723 /* FontAwesome6_Brands.ttf */ = {isa = PBXFileReference; name = "FontAwesome6_Brands.ttf"; path = "../node_modules/react-native-vector-icons/Fonts/FontAwesome6_Brands.ttf"; sourceTree = "<group>"; fileEncoding = undefined; lastKnownFileType = unknown; explicitFileType = undefined; includeInIndex = 0; };
		7B40A683361C4E1C83C6E7ED /* FontAwesome6_Regular.ttf */ = {isa = PBXFileReference; name = "FontAwesome6_Regular.ttf"; path = "../node_modules/react-native-vector-icons/Fonts/FontAwesome6_Regular.ttf"; sourceTree = "<group>"; fileEncoding = undefined; lastKnownFileType = unknown; explicitFileType = undefined; includeInIndex = 0; };
		6068504323F94199A4E5E5E6 /* FontAwesome6_Solid.ttf */ = {isa = PBXFileReference; name = "FontAwesome6_Solid.ttf"; path = "../node_modules/react-native-vector-icons/Fonts/FontAwesome6_Solid.ttf"; sourceTree = "<group>"; fileEncoding = undefined; lastKnownFileType = unknown; explicitFileType = undefined; includeInIndex = 0; };
		75A949C0A1E041F5B2092FE2 /* Fontisto.ttf */ = {isa = PBXFileReference; name = "Fontisto.ttf"; path = "../node_modules/react-native-vector-icons/Fonts/Fontisto.ttf"; sourceTree = "<group>"; fileEncoding = undefined; lastKnownFileType = unknown; explicitFileType = undefined; includeInIndex = 0; };
		2D3A6A4458F841C4A2AA14A4 /* Foundation.ttf */ = {isa = PBXFileReference; name = "Foundation.ttf"; path = "../node_modules/react-native-vector-icons/Fonts/Foundation.ttf"; sourceTree = "<group>"; fileEncoding = undefined; lastKnownFileType = unknown; explicitFileType = undefined; includeInIndex = 0; };
		A1ADA7F529AB4914AF25CC11 /* Ionicons.ttf */ = {isa = PBXFileReference; name = "Ionicons.ttf"; path = "../node_modules/react-native-vector-icons/Fonts/Ionicons.ttf"; sourceTree = "<group>"; fileEncoding = undefined; lastKnownFileType = unknown; explicitFileType = undefined; includeInIndex = 0; };
		7717CFF406024493920402D6 /* MaterialCommunityIcons.ttf */ = {isa = PBXFileReference; name = "MaterialCommunityIcons.ttf"; path = "../node_modules/react-native-vector-icons/Fonts/MaterialCommunityIcons.ttf"; sourceTree = "<group>"; fileEncoding = undefined; lastKnownFileType = unknown; explicitFileType = undefined; includeInIndex = 0; };
		A69FDB5E10DD4689827696AC /* MaterialIcons.ttf */ = {isa = PBXFileReference; name = "MaterialIcons.ttf"; path = "../node_modules/react-native-vector-icons/Fonts/MaterialIcons.ttf"; sourceTree = "<group>"; fileEncoding = undefined; lastKnownFileType = unknown; explicitFileType = undefined; includeInIndex = 0; };
		50D12741F48746A4A4789861 /* Octicons.ttf */ = {isa = PBXFileReference; name = "Octicons.ttf"; path = "../node_modules/react-native-vector-icons/Fonts/Octicons.ttf"; sourceTree = "<group>"; fileEncoding = undefined; lastKnownFileType = unknown; explicitFileType = undefined; includeInIndex = 0; };
		D7C9AF33620E451CB563870B /* SimpleLineIcons.ttf */ = {isa = PBXFileReference; name = "SimpleLineIcons.ttf"; path = "../node_modules/react-native-vector-icons/Fonts/SimpleLineIcons.ttf"; sourceTree = "<group>"; fileEncoding = undefined; lastKnownFileType = unknown; explicitFileType = undefined; includeInIndex = 0; };
		45546E9E0B2D4B178BB9A798 /* Zocial.ttf */ = {isa = PBXFileReference; name = "Zocial.ttf"; path = "../node_modules/react-native-vector-icons/Fonts/Zocial.ttf"; sourceTree = "<group>"; fileEncoding = undefined; lastKnownFileType = unknown; explicitFileType = undefined; includeInIndex = 0; };
		8A91E096FF4F4631999AC63C /* sf-pro-display-medium.ttf */ = {isa = PBXFileReference; name = "sf-pro-display-medium.ttf"; path = "../src/assets/fonts/sf-pro-display-medium.ttf"; sourceTree = "<group>"; fileEncoding = undefined; lastKnownFileType = unknown; explicitFileType = undefined; includeInIndex = 0; };
		1C000A74C5F047E3AF5E5A2C /* SFProDisplay-Medium.ttf */ = {isa = PBXFileReference; name = "SFProDisplay-Medium.ttf"; path = "../src/assets/fonts/SFProDisplay-Medium.ttf"; sourceTree = "<group>"; fileEncoding = undefined; lastKnownFileType = unknown; explicitFileType = undefined; includeInIndex = 0; };
		76024A107D8A4091AA422536 /* SFPRODISPLAYMEDIUM.OTF */ = {isa = PBXFileReference; name = "SFPRODISPLAYMEDIUM.OTF"; path = "../src/assets/fonts/SFPRODISPLAYMEDIUM.OTF"; sourceTree = "<group>"; fileEncoding = undefined; lastKnownFileType = unknown; explicitFileType = undefined; includeInIndex = 0; };
		6E0B124E4FDE47128E52F4F2 /* SFPRODISPLAYREGULAR.OTF */ = {isa = PBXFileReference; name = "SFPRODISPLAYREGULAR.OTF"; path = "../src/assets/fonts/SFPRODISPLAYREGULAR.OTF"; sourceTree = "<group>"; fileEncoding = undefined; lastKnownFileType = unknown; explicitFileType = undefined; includeInIndex = 0; };
/* End PBXFileReference section */

/* Begin PBXFrameworksBuildPhase section */
		13B07F8C1A680F5B00A75B9A /* Frameworks */ = {
			isa = PBXFrameworksBuildPhase;
			buildActionMask = 2147483647;
			files = (
				0C80B921A6F3F58F76C31292 /* libPods-AllstateTruckRepairs.a in Frameworks */,
			);
			runOnlyForDeploymentPostprocessing = 0;
		};
/* End PBXFrameworksBuildPhase section */

/* Begin PBXGroup section */
		00E356F01AD99517003FC87E /* Supporting Files */ = {
			isa = PBXGroup;
			children = (
				00E356F11AD99517003FC87E /* Info.plist */,
			);
			name = "Supporting Files";
			sourceTree = "<group>";
		};
		13B07FAE1A68108700A75B9A /* AllstateTruckRepairs */ = {
			isa = PBXGroup;
			children = (
				13B07FB51A68108700A75B9A /* Images.xcassets */,
				761780EC2CA45674006654EE /* AppDelegate.swift */,
				13B07FB61A68108700A75B9A /* Info.plist */,
				81AB9BB72411601600AC10FF /* LaunchScreen.storyboard */,
				13B07FB81A68108700A75B9A /* PrivacyInfo.xcprivacy */,
			);
			name = AllstateTruckRepairs;
			sourceTree = "<group>";
		};
		2D16E6871FA4F8E400B85C8A /* Frameworks */ = {
			isa = PBXGroup;
			children = (
				ED297162215061F000B7C4FE /* JavaScriptCore.framework */,
				5DCACB8F33CDC322A6C60F78 /* libPods-AllstateTruckRepairs.a */,
			);
			name = Frameworks;
			sourceTree = "<group>";
		};
		832341AE1AAA6A7D00B99B32 /* Libraries */ = {
			isa = PBXGroup;
			children = (
			);
			name = Libraries;
			sourceTree = "<group>";
		};
		83CBB9F61A601CBA00E9B192 = {
			isa = PBXGroup;
			children = (
				13B07FAE1A68108700A75B9A /* AllstateTruckRepairs */,
				832341AE1AAA6A7D00B99B32 /* Libraries */,
				83CBBA001A601CBA00E9B192 /* Products */,
				2D16E6871FA4F8E400B85C8A /* Frameworks */,
				BBD78D7AC51CEA395F1C20DB /* Pods */,
				C4F7B129C1B74596971C0052 /* Resources */,
			);
			indentWidth = 2;
			sourceTree = "<group>";
			tabWidth = 2;
			usesTabs = 0;
		};
		83CBBA001A601CBA00E9B192 /* Products */ = {
			isa = PBXGroup;
			children = (
				13B07F961A680F5B00A75B9A /* AllstateTruckRepairs.app */,
			);
			name = Products;
			sourceTree = "<group>";
		};
		BBD78D7AC51CEA395F1C20DB /* Pods */ = {
			isa = PBXGroup;
			children = (
				3B4392A12AC88292D35C810B /* Pods-AllstateTruckRepairs.debug.xcconfig */,
				5709B34CF0A7D63546082F79 /* Pods-AllstateTruckRepairs.release.xcconfig */,
			);
			path = Pods;
			sourceTree = "<group>";
		};
		C4F7B129C1B74596971C0052 /* Resources */ = {
			isa = "PBXGroup";
			children = (
				0A6BE97529DC4EDF96CD8B08 /* SFPRODISPLAYBLACKITALIC.ttf */,
				E90122D6ECF4477184914B9D /* SFPRODISPLAYBOLD.ttf */,
				468CD4B875F74B899D100FF0 /* SFPRODISPLAYHEAVYITALIC.ttf */,
				5C1D81055C514CD2ABF6E722 /* SFPRODISPLAYLIGHTITALIC.ttf */,
				FF07FB3C05B647AB9FC98F02 /* SFPRODISPLAYREGULAR.ttf */,
				74167AB91BAC49AFA3F7FB11 /* SFPRODISPLAYSEMIBOLDITALIC.ttf */,
				D174532E14C1439AB26A2497 /* SFPRODISPLAYTHINITALIC.ttf */,
				C8FEB1D8492C48AEBDE5A690 /* SFPRODISPLAYULTRALIGHTITALIC.ttf */,
				4D8AC26B7EE4459E81B2FBAB /* AntDesign.ttf */,
				A009F4F67F8F427BB7449374 /* Entypo.ttf */,
				8952776571EB4839910990B8 /* EvilIcons.ttf */,
				C40431BA5C674714A821CEFF /* Feather.ttf */,
				25553FB314144024910C6C67 /* FontAwesome.ttf */,
				8944ED7DFF76405CAE0CC6ED /* FontAwesome5_Brands.ttf */,
				392186D17A7544A781BACECF /* FontAwesome5_Regular.ttf */,
				9075D471E1B6491FA8F52B30 /* FontAwesome5_Solid.ttf */,
				91548A1BA7C74708907C1723 /* FontAwesome6_Brands.ttf */,
				7B40A683361C4E1C83C6E7ED /* FontAwesome6_Regular.ttf */,
				6068504323F94199A4E5E5E6 /* FontAwesome6_Solid.ttf */,
				75A949C0A1E041F5B2092FE2 /* Fontisto.ttf */,
				2D3A6A4458F841C4A2AA14A4 /* Foundation.ttf */,
				A1ADA7F529AB4914AF25CC11 /* Ionicons.ttf */,
				7717CFF406024493920402D6 /* MaterialCommunityIcons.ttf */,
				A69FDB5E10DD4689827696AC /* MaterialIcons.ttf */,
				50D12741F48746A4A4789861 /* Octicons.ttf */,
				D7C9AF33620E451CB563870B /* SimpleLineIcons.ttf */,
				45546E9E0B2D4B178BB9A798 /* Zocial.ttf */,
				8A91E096FF4F4631999AC63C /* sf-pro-display-medium.ttf */,
				1C000A74C5F047E3AF5E5A2C /* SFProDisplay-Medium.ttf */,
				76024A107D8A4091AA422536 /* SFPRODISPLAYMEDIUM.OTF */,
				6E0B124E4FDE47128E52F4F2 /* SFPRODISPLAYREGULAR.OTF */,
			);
			name = Resources;
			sourceTree = "<group>";
			path = "";
		};
/* End PBXGroup section */

/* Begin PBXNativeTarget section */
		13B07F861A680F5B00A75B9A /* AllstateTruckRepairs */ = {
			isa = PBXNativeTarget;
			buildConfigurationList = 13B07F931A680F5B00A75B9A /* Build configuration list for PBXNativeTarget "AllstateTruckRepairs" */;
			buildPhases = (
				C38B50BA6285516D6DCD4F65 /* [CP] Check Pods Manifest.lock */,
				13B07F871A680F5B00A75B9A /* Sources */,
				13B07F8C1A680F5B00A75B9A /* Frameworks */,
				13B07F8E1A680F5B00A75B9A /* Resources */,
				00DD1BFF1BD5951E006B06BC /* Bundle React Native code and images */,
				00EEFC60759A1932668264C0 /* [CP] Embed Pods Frameworks */,
				E235C05ADACE081382539298 /* [CP] Copy Pods Resources */,
			);
			buildRules = (
			);
			dependencies = (
			);
			name = AllstateTruckRepairs;
			productName = AllstateTruckRepairs;
			productReference = 13B07F961A680F5B00A75B9A /* AllstateTruckRepairs.app */;
			productType = "com.apple.product-type.application";
		};
/* End PBXNativeTarget section */

/* Begin PBXProject section */
		83CBB9F71A601CBA00E9B192 /* Project object */ = {
			isa = PBXProject;
			attributes = {
				LastUpgradeCheck = 1210;
				TargetAttributes = {
					13B07F861A680F5B00A75B9A = {
						LastSwiftMigration = 1120;
					};
				};
			};
			buildConfigurationList = 83CBB9FA1A601CBA00E9B192 /* Build configuration list for PBXProject "AllstateTruckRepairs" */;
			compatibilityVersion = "Xcode 12.0";
			developmentRegion = en;
			hasScannedForEncodings = 0;
			knownRegions = (
				en,
				Base,
			);
			mainGroup = 83CBB9F61A601CBA00E9B192;
			productRefGroup = 83CBBA001A601CBA00E9B192 /* Products */;
			projectDirPath = "";
			projectRoot = "";
			targets = (
				13B07F861A680F5B00A75B9A /* AllstateTruckRepairs */,
			);
		};
/* End PBXProject section */

/* Begin PBXResourcesBuildPhase section */
		00E356EC1AD99517003FC87E /* Resources */ = {
			isa = PBXResourcesBuildPhase;
			buildActionMask = 2147483647;
			files = (
			);
			runOnlyForDeploymentPostprocessing = 0;
		};
		13B07F8E1A680F5B00A75B9A /* Resources */ = {
			isa = PBXResourcesBuildPhase;
			buildActionMask = 2147483647;
			files = (
				81AB9BB82411601600AC10FF /* LaunchScreen.storyboard in Resources */,
				13B07FBF1A68108700A75B9A /* Images.xcassets in Resources */,
				E8C1556E9F5F4C188EE6D72E /* SFPRODISPLAYBLACKITALIC.ttf in Resources */,
				3A39E395F2E64B3597824A0C /* SFPRODISPLAYBOLD.ttf in Resources */,
				E88B4EA68A974696B5A69C54 /* SFPRODISPLAYHEAVYITALIC.ttf in Resources */,
				C803509BFA864CBC91E50DFC /* SFPRODISPLAYLIGHTITALIC.ttf in Resources */,
				630D6D9F87E54696816BE923 /* SFPRODISPLAYREGULAR.ttf in Resources */,
				379451E199864154A3B72233 /* SFPRODISPLAYSEMIBOLDITALIC.ttf in Resources */,
				3E759FE1DB7E428CADB06D69 /* SFPRODISPLAYTHINITALIC.ttf in Resources */,
				F68A5913A4D749DF8114ED0F /* SFPRODISPLAYULTRALIGHTITALIC.ttf in Resources */,
				C3BE2108A31B48938DB46C38 /* AntDesign.ttf in Resources */,
				DA9F3208B42E421193823634 /* Entypo.ttf in Resources */,
				2B75EDBB59D44096B82A2F9D /* EvilIcons.ttf in Resources */,
				6C3BEBDE917E4F889EE93E56 /* Feather.ttf in Resources */,
				04281F14340C43809717F801 /* FontAwesome.ttf in Resources */,
				7AA695654AE84A579496191F /* FontAwesome5_Brands.ttf in Resources */,
				DA15315FAB7C4FB699A75E96 /* FontAwesome5_Regular.ttf in Resources */,
				C17EC4AEAB1F4E9FBE85461E /* FontAwesome5_Solid.ttf in Resources */,
				3637330AF36E4A51ACAA99A2 /* FontAwesome6_Brands.ttf in Resources */,
				A96926A5DFA64139A3AC5307 /* FontAwesome6_Regular.ttf in Resources */,
				390F900DF32441E38FED1CD7 /* FontAwesome6_Solid.ttf in Resources */,
				84BF5CA844E9488A8CCB1B44 /* Fontisto.ttf in Resources */,
				36BBFAF007744E469D8AC48F /* Foundation.ttf in Resources */,
				082D04B2A6AD409786D7A17E /* Ionicons.ttf in Resources */,
				51C196FDDA874E05A0BBAFA3 /* MaterialCommunityIcons.ttf in Resources */,
				775F718FF69248089A908069 /* MaterialIcons.ttf in Resources */,
				589BB8D055574E4DA75A5112 /* Octicons.ttf in Resources */,
				04159991169349F5802F62AB /* SimpleLineIcons.ttf in Resources */,
				8F60485A652D4B0BAB9A07A7 /* Zocial.ttf in Resources */,
				8ECEF6C2711543B1852FB9EC /* sf-pro-display-medium.ttf in Resources */,
				8BFC4F4FAE864C448E0FDD4D /* SFProDisplay-Medium.ttf in Resources */,
				10209E10D5F24CD0BE5CA34B /* SFPRODISPLAYMEDIUM.OTF in Resources */,
				C79C508AA6DA405D997F8CA9 /* SFPRODISPLAYREGULAR.OTF in Resources */,
			);
			runOnlyForDeploymentPostprocessing = 0;
		};
/* End PBXResourcesBuildPhase section */

/* Begin PBXShellScriptBuildPhase section */
		00DD1BFF1BD5951E006B06BC /* Bundle React Native code and images */ = {
			isa = PBXShellScriptBuildPhase;
			buildActionMask = 2147483647;
			files = (
			);
			inputPaths = (
				"$(SRCROOT)/.xcode.env.local",
				"$(SRCROOT)/.xcode.env",
			);
			name = "Bundle React Native code and images";
			outputPaths = (
			);
			runOnlyForDeploymentPostprocessing = 0;
			shellPath = /bin/sh;
			shellScript = "set -e\n\nWITH_ENVIRONMENT=\"$REACT_NATIVE_PATH/scripts/xcode/with-environment.sh\"\nREACT_NATIVE_XCODE=\"$REACT_NATIVE_PATH/scripts/react-native-xcode.sh\"\n\n/bin/sh -c \"$WITH_ENVIRONMENT $REACT_NATIVE_XCODE\"\n";
		};
		00EEFC60759A1932668264C0 /* [CP] Embed Pods Frameworks */ = {
			isa = PBXShellScriptBuildPhase;
			buildActionMask = 2147483647;
			files = (
			);
			inputFileListPaths = (
				"${PODS_ROOT}/Target Support Files/Pods-AllstateTruckRepairs/Pods-AllstateTruckRepairs-frameworks-${CONFIGURATION}-input-files.xcfilelist",
			);
			name = "[CP] Embed Pods Frameworks";
			outputFileListPaths = (
				"${PODS_ROOT}/Target Support Files/Pods-AllstateTruckRepairs/Pods-AllstateTruckRepairs-frameworks-${CONFIGURATION}-output-files.xcfilelist",
			);
			runOnlyForDeploymentPostprocessing = 0;
			shellPath = /bin/sh;
			shellScript = "\"${PODS_ROOT}/Target Support Files/Pods-AllstateTruckRepairs/Pods-AllstateTruckRepairs-frameworks.sh\"\n";
			showEnvVarsInLog = 0;
		};
		C38B50BA6285516D6DCD4F65 /* [CP] Check Pods Manifest.lock */ = {
			isa = PBXShellScriptBuildPhase;
			buildActionMask = 2147483647;
			files = (
			);
			inputFileListPaths = (
			);
			inputPaths = (
				"${PODS_PODFILE_DIR_PATH}/Podfile.lock",
				"${PODS_ROOT}/Manifest.lock",
			);
			name = "[CP] Check Pods Manifest.lock";
			outputFileListPaths = (
			);
			outputPaths = (
				"$(DERIVED_FILE_DIR)/Pods-AllstateTruckRepairs-checkManifestLockResult.txt",
			);
			runOnlyForDeploymentPostprocessing = 0;
			shellPath = /bin/sh;
			shellScript = "diff \"${PODS_PODFILE_DIR_PATH}/Podfile.lock\" \"${PODS_ROOT}/Manifest.lock\" > /dev/null\nif [ $? != 0 ] ; then\n    # print error to STDERR\n    echo \"error: The sandbox is not in sync with the Podfile.lock. Run 'pod install' or update your CocoaPods installation.\" >&2\n    exit 1\nfi\n# This output is used by Xcode 'outputs' to avoid re-running this script phase.\necho \"SUCCESS\" > \"${SCRIPT_OUTPUT_FILE_0}\"\n";
			showEnvVarsInLog = 0;
		};
		E235C05ADACE081382539298 /* [CP] Copy Pods Resources */ = {
			isa = PBXShellScriptBuildPhase;
			buildActionMask = 2147483647;
			files = (
			);
			inputFileListPaths = (
				"${PODS_ROOT}/Target Support Files/Pods-AllstateTruckRepairs/Pods-AllstateTruckRepairs-resources-${CONFIGURATION}-input-files.xcfilelist",
			);
			name = "[CP] Copy Pods Resources";
			outputFileListPaths = (
				"${PODS_ROOT}/Target Support Files/Pods-AllstateTruckRepairs/Pods-AllstateTruckRepairs-resources-${CONFIGURATION}-output-files.xcfilelist",
			);
			runOnlyForDeploymentPostprocessing = 0;
			shellPath = /bin/sh;
			shellScript = "\"${PODS_ROOT}/Target Support Files/Pods-AllstateTruckRepairs/Pods-AllstateTruckRepairs-resources.sh\"\n";
			showEnvVarsInLog = 0;
		};
/* End PBXShellScriptBuildPhase section */

/* Begin PBXSourcesBuildPhase section */
		13B07F871A680F5B00A75B9A /* Sources */ = {
			isa = PBXSourcesBuildPhase;
			buildActionMask = 2147483647;
			files = (
				761780ED2CA45674006654EE /* AppDelegate.swift in Sources */,
			);
			runOnlyForDeploymentPostprocessing = 0;
		};
/* End PBXSourcesBuildPhase section */

/* Begin PBXTargetDependency section */
		00E356F51AD99517003FC87E /* PBXTargetDependency */ = {
			isa = PBXTargetDependency;
			target = 13B07F861A680F5B00A75B9A /* AllstateTruckRepairs */;
			targetProxy = 00E356F41AD99517003FC87E /* PBXContainerItemProxy */;
		};
/* End PBXTargetDependency section */

/* Begin XCBuildConfiguration section */
		13B07F941A680F5B00A75B9A /* Debug */ = {
			isa = XCBuildConfiguration;
			baseConfigurationReference = 3B4392A12AC88292D35C810B /* Pods-AllstateTruckRepairs.debug.xcconfig */;
			buildSettings = {
				ASSETCATALOG_COMPILER_APPICON_NAME = AppIcon;
				CLANG_ENABLE_MODULES = YES;
				CURRENT_PROJECT_VERSION = 1;
				ENABLE_BITCODE = NO;
				INFOPLIST_FILE = AllstateTruckRepairs/Info.plist;
				IPHONEOS_DEPLOYMENT_TARGET = 15.1;
				LD_RUNPATH_SEARCH_PATHS = (
					"$(inherited)",
					"@executable_path/Frameworks",
				);
				MARKETING_VERSION = 1.0;
				OTHER_LDFLAGS = (
					"$(inherited)",
					"-ObjC",
					"-lc++",
				);
				PRODUCT_BUNDLE_IDENTIFIER = "org.reactjs.native.example.$(PRODUCT_NAME:rfc1034identifier)";
				PRODUCT_NAME = AllstateTruckRepairs;
				SWIFT_OPTIMIZATION_LEVEL = "-Onone";
				SWIFT_VERSION = 5.0;
				VERSIONING_SYSTEM = "apple-generic";
			};
			name = Debug;
		};
		13B07F951A680F5B00A75B9A /* Release */ = {
			isa = XCBuildConfiguration;
			baseConfigurationReference = 5709B34CF0A7D63546082F79 /* Pods-AllstateTruckRepairs.release.xcconfig */;
			buildSettings = {
				ASSETCATALOG_COMPILER_APPICON_NAME = AppIcon;
				CLANG_ENABLE_MODULES = YES;
				CURRENT_PROJECT_VERSION = 1;
				INFOPLIST_FILE = AllstateTruckRepairs/Info.plist;
				IPHONEOS_DEPLOYMENT_TARGET = 15.1;
				LD_RUNPATH_SEARCH_PATHS = (
					"$(inherited)",
					"@executable_path/Frameworks",
				);
				MARKETING_VERSION = 1.0;
				OTHER_LDFLAGS = (
					"$(inherited)",
					"-ObjC",
					"-lc++",
				);
				PRODUCT_BUNDLE_IDENTIFIER = "org.reactjs.native.example.$(PRODUCT_NAME:rfc1034identifier)";
				PRODUCT_NAME = AllstateTruckRepairs;
				SWIFT_VERSION = 5.0;
				VERSIONING_SYSTEM = "apple-generic";
			};
			name = Release;
		};
		83CBBA201A601CBA00E9B192 /* Debug */ = {
			isa = XCBuildConfiguration;
			buildSettings = {
				ALWAYS_SEARCH_USER_PATHS = NO;
				CLANG_ANALYZER_LOCALIZABILITY_NONLOCALIZED = YES;
				CLANG_CXX_LANGUAGE_STANDARD = "c++20";
				CLANG_CXX_LIBRARY = "libc++";
				CLANG_ENABLE_MODULES = YES;
				CLANG_ENABLE_OBJC_ARC = YES;
				CLANG_WARN_BLOCK_CAPTURE_AUTORELEASING = YES;
				CLANG_WARN_BOOL_CONVERSION = YES;
				CLANG_WARN_COMMA = YES;
				CLANG_WARN_CONSTANT_CONVERSION = YES;
				CLANG_WARN_DEPRECATED_OBJC_IMPLEMENTATIONS = YES;
				CLANG_WARN_DIRECT_OBJC_ISA_USAGE = YES_ERROR;
				CLANG_WARN_EMPTY_BODY = YES;
				CLANG_WARN_ENUM_CONVERSION = YES;
				CLANG_WARN_INFINITE_RECURSION = YES;
				CLANG_WARN_INT_CONVERSION = YES;
				CLANG_WARN_NON_LITERAL_NULL_CONVERSION = YES;
				CLANG_WARN_OBJC_IMPLICIT_RETAIN_SELF = YES;
				CLANG_WARN_OBJC_LITERAL_CONVERSION = YES;
				CLANG_WARN_OBJC_ROOT_CLASS = YES_ERROR;
				CLANG_WARN_QUOTED_INCLUDE_IN_FRAMEWORK_HEADER = YES;
				CLANG_WARN_RANGE_LOOP_ANALYSIS = YES;
				CLANG_WARN_STRICT_PROTOTYPES = YES;
				CLANG_WARN_SUSPICIOUS_MOVE = YES;
				CLANG_WARN_UNREACHABLE_CODE = YES;
				CLANG_WARN__DUPLICATE_METHOD_MATCH = YES;
				"CODE_SIGN_IDENTITY[sdk=iphoneos*]" = "iPhone Developer";
				COPY_PHASE_STRIP = NO;
				ENABLE_STRICT_OBJC_MSGSEND = YES;
				ENABLE_TESTABILITY = YES;
				"EXCLUDED_ARCHS[sdk=iphonesimulator*]" = "";
				GCC_C_LANGUAGE_STANDARD = gnu99;
				GCC_DYNAMIC_NO_PIC = NO;
				GCC_NO_COMMON_BLOCKS = YES;
				GCC_OPTIMIZATION_LEVEL = 0;
				GCC_PREPROCESSOR_DEFINITIONS = (
					"DEBUG=1",
					"$(inherited)",
				);
				GCC_SYMBOLS_PRIVATE_EXTERN = NO;
				GCC_WARN_64_TO_32_BIT_CONVERSION = YES;
				GCC_WARN_ABOUT_RETURN_TYPE = YES_ERROR;
				GCC_WARN_UNDECLARED_SELECTOR = YES;
				GCC_WARN_UNINITIALIZED_AUTOS = YES_AGGRESSIVE;
				GCC_WARN_UNUSED_FUNCTION = YES;
				GCC_WARN_UNUSED_VARIABLE = YES;
				IPHONEOS_DEPLOYMENT_TARGET = 15.1;
				LD_RUNPATH_SEARCH_PATHS = (
					/usr/lib/swift,
					"$(inherited)",
				);
				LIBRARY_SEARCH_PATHS = (
					"\"$(SDKROOT)/usr/lib/swift\"",
					"\"$(TOOLCHAIN_DIR)/usr/lib/swift/$(PLATFORM_NAME)\"",
					"\"$(inherited)\"",
				);
				MTL_ENABLE_DEBUG_INFO = YES;
				ONLY_ACTIVE_ARCH = YES;
				OTHER_CPLUSPLUSFLAGS = (
					"$(OTHER_CFLAGS)",
					"-DFOLLY_NO_CONFIG",
					"-DFOLLY_MOBILE=1",
					"-DFOLLY_USE_LIBCPP=1",
					"-DFOLLY_CFG_NO_COROUTINES=1",
					"-DFOLLY_HAVE_CLOCK_GETTIME=1",
				);
				SDKROOT = iphoneos;
			};
			name = Debug;
		};
		83CBBA211A601CBA00E9B192 /* Release */ = {
			isa = XCBuildConfiguration;
			buildSettings = {
				ALWAYS_SEARCH_USER_PATHS = NO;
				CLANG_ANALYZER_LOCALIZABILITY_NONLOCALIZED = YES;
				CLANG_CXX_LANGUAGE_STANDARD = "c++20";
				CLANG_CXX_LIBRARY = "libc++";
				CLANG_ENABLE_MODULES = YES;
				CLANG_ENABLE_OBJC_ARC = YES;
				CLANG_WARN_BLOCK_CAPTURE_AUTORELEASING = YES;
				CLANG_WARN_BOOL_CONVERSION = YES;
				CLANG_WARN_COMMA = YES;
				CLANG_WARN_CONSTANT_CONVERSION = YES;
				CLANG_WARN_DEPRECATED_OBJC_IMPLEMENTATIONS = YES;
				CLANG_WARN_DIRECT_OBJC_ISA_USAGE = YES_ERROR;
				CLANG_WARN_EMPTY_BODY = YES;
				CLANG_WARN_ENUM_CONVERSION = YES;
				CLANG_WARN_INFINITE_RECURSION = YES;
				CLANG_WARN_INT_CONVERSION = YES;
				CLANG_WARN_NON_LITERAL_NULL_CONVERSION = YES;
				CLANG_WARN_OBJC_IMPLICIT_RETAIN_SELF = YES;
				CLANG_WARN_OBJC_LITERAL_CONVERSION = YES;
				CLANG_WARN_OBJC_ROOT_CLASS = YES_ERROR;
				CLANG_WARN_QUOTED_INCLUDE_IN_FRAMEWORK_HEADER = YES;
				CLANG_WARN_RANGE_LOOP_ANALYSIS = YES;
				CLANG_WARN_STRICT_PROTOTYPES = YES;
				CLANG_WARN_SUSPICIOUS_MOVE = YES;
				CLANG_WARN_UNREACHABLE_CODE = YES;
				CLANG_WARN__DUPLICATE_METHOD_MATCH = YES;
				"CODE_SIGN_IDENTITY[sdk=iphoneos*]" = "iPhone Developer";
				COPY_PHASE_STRIP = YES;
				ENABLE_NS_ASSERTIONS = NO;
				ENABLE_STRICT_OBJC_MSGSEND = YES;
				"EXCLUDED_ARCHS[sdk=iphonesimulator*]" = "";
				GCC_C_LANGUAGE_STANDARD = gnu99;
				GCC_NO_COMMON_BLOCKS = YES;
				GCC_WARN_64_TO_32_BIT_CONVERSION = YES;
				GCC_WARN_ABOUT_RETURN_TYPE = YES_ERROR;
				GCC_WARN_UNDECLARED_SELECTOR = YES;
				GCC_WARN_UNINITIALIZED_AUTOS = YES_AGGRESSIVE;
				GCC_WARN_UNUSED_FUNCTION = YES;
				GCC_WARN_UNUSED_VARIABLE = YES;
				IPHONEOS_DEPLOYMENT_TARGET = 15.1;
				LD_RUNPATH_SEARCH_PATHS = (
					/usr/lib/swift,
					"$(inherited)",
				);
				LIBRARY_SEARCH_PATHS = (
					"\"$(SDKROOT)/usr/lib/swift\"",
					"\"$(TOOLCHAIN_DIR)/usr/lib/swift/$(PLATFORM_NAME)\"",
					"\"$(inherited)\"",
				);
				MTL_ENABLE_DEBUG_INFO = NO;
				OTHER_CPLUSPLUSFLAGS = (
					"$(OTHER_CFLAGS)",
					"-DFOLLY_NO_CONFIG",
					"-DFOLLY_MOBILE=1",
					"-DFOLLY_USE_LIBCPP=1",
					"-DFOLLY_CFG_NO_COROUTINES=1",
					"-DFOLLY_HAVE_CLOCK_GETTIME=1",
				);
				SDKROOT = iphoneos;
				VALIDATE_PRODUCT = YES;
			};
			name = Release;
		};
/* End XCBuildConfiguration section */

/* Begin XCConfigurationList section */
		13B07F931A680F5B00A75B9A /* Build configuration list for PBXNativeTarget "AllstateTruckRepairs" */ = {
			isa = XCConfigurationList;
			buildConfigurations = (
				13B07F941A680F5B00A75B9A /* Debug */,
				13B07F951A680F5B00A75B9A /* Release */,
			);
			defaultConfigurationIsVisible = 0;
			defaultConfigurationName = Release;
		};
		83CBB9FA1A601CBA00E9B192 /* Build configuration list for PBXProject "AllstateTruckRepairs" */ = {
			isa = XCConfigurationList;
			buildConfigurations = (
				83CBBA201A601CBA00E9B192 /* Debug */,
				83CBBA211A601CBA00E9B192 /* Release */,
			);
			defaultConfigurationIsVisible = 0;
			defaultConfigurationName = Release;
		};
/* End XCConfigurationList section */
	};
	rootObject = 83CBB9F71A601CBA00E9B192 /* Project object */;
}
